// !$*UTF8*$!
{
	archiveVersion = 1;
	classes = {
	};
	objectVersion = 56;
	objects = {

/* Begin PBXBuildFile section */
		97555BFD294977360002BB2A /* OwnPhraseApp.swift in Sources */ = {isa = PBXBuildFile; fileRef = 97555BFC294977360002BB2A /* OwnPhraseApp.swift */; };
		97555BFF294977360002BB2A /* ContentView.swift in Sources */ = {isa = PBXBuildFile; fileRef = 97555BFE294977360002BB2A /* ContentView.swift */; };
		97555C01294977380002BB2A /* Assets.xcassets in Resources */ = {isa = PBXBuildFile; fileRef = 97555C00294977380002BB2A /* Assets.xcassets */; };
		97555C04294977380002BB2A /* Preview Assets.xcassets in Resources */ = {isa = PBXBuildFile; fileRef = 97555C03294977380002BB2A /* Preview Assets.xcassets */; };
		97555C06294977380002BB2A /* Persistence.swift in Sources */ = {isa = PBXBuildFile; fileRef = 97555C05294977380002BB2A /* Persistence.swift */; };
		97555C09294977380002BB2A /* OwnPhrase.xcdatamodeld in Sources */ = {isa = PBXBuildFile; fileRef = 97555C07294977380002BB2A /* OwnPhrase.xcdatamodeld */; };
		97555C16294978630002BB2A /* Splash.swift in Sources */ = {isa = PBXBuildFile; fileRef = 97555C15294978630002BB2A /* Splash.swift */; };
		97555C1929497C5C0002BB2A /* Root.swift in Sources */ = {isa = PBXBuildFile; fileRef = 97555C1829497C5C0002BB2A /* Root.swift */; };
		97555C1B29497D0C0002BB2A /* Favorite.swift in Sources */ = {isa = PBXBuildFile; fileRef = 97555C1A29497D0C0002BB2A /* Favorite.swift */; };
		97555C1E29497D1B0002BB2A /* Home.swift in Sources */ = {isa = PBXBuildFile; fileRef = 97555C1D29497D1B0002BB2A /* Home.swift */; };
		97555C2029497D280002BB2A /* Quiz.swift in Sources */ = {isa = PBXBuildFile; fileRef = 97555C1F29497D280002BB2A /* Quiz.swift */; };
/* End PBXBuildFile section */

/* Begin PBXFileReference section */
		97555BF9294977360002BB2A /* OwnPhrase.app */ = {isa = PBXFileReference; explicitFileType = wrapper.application; includeInIndex = 0; path = OwnPhrase.app; sourceTree = BUILT_PRODUCTS_DIR; };
		97555BFC294977360002BB2A /* OwnPhraseApp.swift */ = {isa = PBXFileReference; lastKnownFileType = sourcecode.swift; path = OwnPhraseApp.swift; sourceTree = "<group>"; };
		97555BFE294977360002BB2A /* ContentView.swift */ = {isa = PBXFileReference; lastKnownFileType = sourcecode.swift; path = ContentView.swift; sourceTree = "<group>"; };
		97555C00294977380002BB2A /* Assets.xcassets */ = {isa = PBXFileReference; lastKnownFileType = folder.assetcatalog; path = Assets.xcassets; sourceTree = "<group>"; };
		97555C03294977380002BB2A /* Preview Assets.xcassets */ = {isa = PBXFileReference; lastKnownFileType = folder.assetcatalog; path = "Preview Assets.xcassets"; sourceTree = "<group>"; };
		97555C05294977380002BB2A /* Persistence.swift */ = {isa = PBXFileReference; lastKnownFileType = sourcecode.swift; path = Persistence.swift; sourceTree = "<group>"; };
		97555C08294977380002BB2A /* OwnPhrase.xcdatamodel */ = {isa = PBXFileReference; lastKnownFileType = wrapper.xcdatamodel; path = OwnPhrase.xcdatamodel; sourceTree = "<group>"; };
		97555C15294978630002BB2A /* Splash.swift */ = {isa = PBXFileReference; lastKnownFileType = sourcecode.swift; path = Splash.swift; sourceTree = "<group>"; };
		97555C1829497C5C0002BB2A /* Root.swift */ = {isa = PBXFileReference; lastKnownFileType = sourcecode.swift; path = Root.swift; sourceTree = "<group>"; };
		97555C1A29497D0C0002BB2A /* Favorite.swift */ = {isa = PBXFileReference; lastKnownFileType = sourcecode.swift; path = Favorite.swift; sourceTree = "<group>"; };
		97555C1D29497D1B0002BB2A /* Home.swift */ = {isa = PBXFileReference; lastKnownFileType = sourcecode.swift; path = Home.swift; sourceTree = "<group>"; };
		97555C1F29497D280002BB2A /* Quiz.swift */ = {isa = PBXFileReference; lastKnownFileType = sourcecode.swift; path = Quiz.swift; sourceTree = "<group>"; };
/* End PBXFileReference section */

/* Begin PBXFrameworksBuildPhase section */
		97555BF6294977360002BB2A /* Frameworks */ = {
			isa = PBXFrameworksBuildPhase;
			buildActionMask = 2147483647;
			files = (
			);
			runOnlyForDeploymentPostprocessing = 0;
		};
/* End PBXFrameworksBuildPhase section */

/* Begin PBXGroup section */
		97555BF0294977360002BB2A = {
			isa = PBXGroup;
			children = (
				97555BFB294977360002BB2A /* OwnPhrase */,
				97555BFA294977360002BB2A /* Products */,
			);
			sourceTree = "<group>";
		};
		97555BFA294977360002BB2A /* Products */ = {
			isa = PBXGroup;
			children = (
				97555BF9294977360002BB2A /* OwnPhrase.app */,
			);
			name = Products;
			sourceTree = "<group>";
		};
		97555BFB294977360002BB2A /* OwnPhrase */ = {
			isa = PBXGroup;
			children = (
				97555C102949779A0002BB2A /* Application */,
				97555C11294977A40002BB2A /* Common */,
				97555C0F294977900002BB2A /* Data */,
				97555C13294977C90002BB2A /* Domain */,
				97555C12294977BD0002BB2A /* Infrastructure */,
				97555C14294977DB0002BB2A /* Presentation */,
				97555BFE294977360002BB2A /* ContentView.swift */,
				97555C00294977380002BB2A /* Assets.xcassets */,
				97555C05294977380002BB2A /* Persistence.swift */,
				97555C07294977380002BB2A /* OwnPhrase.xcdatamodeld */,
				97555C02294977380002BB2A /* Preview Content */,
			);
			path = OwnPhrase;
			sourceTree = "<group>";
		};
		97555C02294977380002BB2A /* Preview Content */ = {
			isa = PBXGroup;
			children = (
				97555C03294977380002BB2A /* Preview Assets.xcassets */,
			);
			path = "Preview Content";
			sourceTree = "<group>";
		};
		97555C0F294977900002BB2A /* Data */ = {
			isa = PBXGroup;
			children = (
			);
			path = Data;
			sourceTree = "<group>";
		};
		97555C102949779A0002BB2A /* Application */ = {
			isa = PBXGroup;
			children = (
				97555BFC294977360002BB2A /* OwnPhraseApp.swift */,
			);
			path = Application;
			sourceTree = "<group>";
		};
		97555C11294977A40002BB2A /* Common */ = {
			isa = PBXGroup;
			children = (
				97555C1729497AF40002BB2A /* Enviroments */,
			);
			path = Common;
			sourceTree = "<group>";
		};
		97555C12294977BD0002BB2A /* Infrastructure */ = {
			isa = PBXGroup;
			children = (
			);
			path = Infrastructure;
			sourceTree = "<group>";
		};
		97555C13294977C90002BB2A /* Domain */ = {
			isa = PBXGroup;
			children = (
			);
			path = Domain;
			sourceTree = "<group>";
		};
		97555C14294977DB0002BB2A /* Presentation */ = {
			isa = PBXGroup;
			children = (
				97555C2329497D400002BB2A /* Favorite */,
				97555C2429497D4A0002BB2A /* Quiz */,
				97555C2129497D2D0002BB2A /* Home */,
				97555C2229497D380002BB2A /* Root */,
				97555C2529497D580002BB2A /* Splash */,
			);
			path = Presentation;
			sourceTree = "<group>";
		};
		97555C1729497AF40002BB2A /* Enviroments */ = {
			isa = PBXGroup;
			children = (
			);
			path = Enviroments;
			sourceTree = "<group>";
		};
		97555C2129497D2D0002BB2A /* Home */ = {
			isa = PBXGroup;
			children = (
				97555C1D29497D1B0002BB2A /* Home.swift */,
			);
			path = Home;
			sourceTree = "<group>";
		};
		97555C2229497D380002BB2A /* Root */ = {
			isa = PBXGroup;
			children = (
				97555C1829497C5C0002BB2A /* Root.swift */,
			);
			path = Root;
			sourceTree = "<group>";
		};
		97555C2329497D400002BB2A /* Favorite */ = {
			isa = PBXGroup;
			children = (
				97555C1A29497D0C0002BB2A /* Favorite.swift */,
			);
			path = Favorite;
			sourceTree = "<group>";
		};
		97555C2429497D4A0002BB2A /* Quiz */ = {
			isa = PBXGroup;
			children = (
				97555C1F29497D280002BB2A /* Quiz.swift */,
			);
			path = Quiz;
			sourceTree = "<group>";
		};
		97555C2529497D580002BB2A /* Splash */ = {
			isa = PBXGroup;
			children = (
				97555C15294978630002BB2A /* Splash.swift */,
			);
			path = Splash;
			sourceTree = "<group>";
		};
/* End PBXGroup section */

/* Begin PBXNativeTarget section */
		97555BF8294977360002BB2A /* OwnPhrase */ = {
			isa = PBXNativeTarget;
			buildConfigurationList = 97555C0C294977380002BB2A /* Build configuration list for PBXNativeTarget "OwnPhrase" */;
			buildPhases = (
				97555BF5294977360002BB2A /* Sources */,
				97555BF6294977360002BB2A /* Frameworks */,
				97555BF7294977360002BB2A /* Resources */,
			);
			buildRules = (
			);
			dependencies = (
			);
			name = OwnPhrase;
			productName = OwnPhrase;
			productReference = 97555BF9294977360002BB2A /* OwnPhrase.app */;
			productType = "com.apple.product-type.application";
		};
/* End PBXNativeTarget section */

/* Begin PBXProject section */
		97555BF1294977360002BB2A /* Project object */ = {
			isa = PBXProject;
			attributes = {
				BuildIndependentTargetsInParallel = 1;
				LastSwiftUpdateCheck = 1410;
				LastUpgradeCheck = 1410;
				TargetAttributes = {
					97555BF8294977360002BB2A = {
						CreatedOnToolsVersion = 14.1;
					};
				};
			};
			buildConfigurationList = 97555BF4294977360002BB2A /* Build configuration list for PBXProject "OwnPhrase" */;
			compatibilityVersion = "Xcode 14.0";
			developmentRegion = en;
			hasScannedForEncodings = 0;
			knownRegions = (
				en,
				Base,
			);
			mainGroup = 97555BF0294977360002BB2A;
			productRefGroup = 97555BFA294977360002BB2A /* Products */;
			projectDirPath = "";
			projectRoot = "";
			targets = (
				97555BF8294977360002BB2A /* OwnPhrase */,
			);
		};
/* End PBXProject section */

/* Begin PBXResourcesBuildPhase section */
		97555BF7294977360002BB2A /* Resources */ = {
			isa = PBXResourcesBuildPhase;
			buildActionMask = 2147483647;
			files = (
				97555C04294977380002BB2A /* Preview Assets.xcassets in Resources */,
				97555C01294977380002BB2A /* Assets.xcassets in Resources */,
			);
			runOnlyForDeploymentPostprocessing = 0;
		};
/* End PBXResourcesBuildPhase section */

/* Begin PBXSourcesBuildPhase section */
		97555BF5294977360002BB2A /* Sources */ = {
			isa = PBXSourcesBuildPhase;
			buildActionMask = 2147483647;
			files = (
				97555C06294977380002BB2A /* Persistence.swift in Sources */,
				97555C1B29497D0C0002BB2A /* Favorite.swift in Sources */,
				97555C16294978630002BB2A /* Splash.swift in Sources */,
				97555C09294977380002BB2A /* OwnPhrase.xcdatamodeld in Sources */,
				97555BFF294977360002BB2A /* ContentView.swift in Sources */,
				97555BFD294977360002BB2A /* OwnPhraseApp.swift in Sources */,
				97555C1E29497D1B0002BB2A /* Home.swift in Sources */,
				97555C1929497C5C0002BB2A /* Root.swift in Sources */,
				97555C2029497D280002BB2A /* Quiz.swift in Sources */,
			);
			runOnlyForDeploymentPostprocessing = 0;
		};
/* End PBXSourcesBuildPhase section */

/* Begin XCBuildConfiguration section */
		97555C0A294977380002BB2A /* Debug */ = {
			isa = XCBuildConfiguration;
			buildSettings = {
				ALWAYS_SEARCH_USER_PATHS = NO;
				CLANG_ANALYZER_NONNULL = YES;
				CLANG_ANALYZER_NUMBER_OBJECT_CONVERSION = YES_AGGRESSIVE;
				CLANG_CXX_LANGUAGE_STANDARD = "gnu++20";
				CLANG_ENABLE_MODULES = YES;
				CLANG_ENABLE_OBJC_ARC = YES;
				CLANG_ENABLE_OBJC_WEAK = YES;
				CLANG_WARN_BLOCK_CAPTURE_AUTORELEASING = YES;
				CLANG_WARN_BOOL_CONVERSION = YES;
				CLANG_WARN_COMMA = YES;
				CLANG_WARN_CONSTANT_CONVERSION = YES;
				CLANG_WARN_DEPRECATED_OBJC_IMPLEMENTATIONS = YES;
				CLANG_WARN_DIRECT_OBJC_ISA_USAGE = YES_ERROR;
				CLANG_WARN_DOCUMENTATION_COMMENTS = YES;
				CLANG_WARN_EMPTY_BODY = YES;
				CLANG_WARN_ENUM_CONVERSION = YES;
				CLANG_WARN_INFINITE_RECURSION = YES;
				CLANG_WARN_INT_CONVERSION = YES;
				CLANG_WARN_NON_LITERAL_NULL_CONVERSION = YES;
				CLANG_WARN_OBJC_IMPLICIT_RETAIN_SELF = YES;
				CLANG_WARN_OBJC_LITERAL_CONVERSION = YES;
				CLANG_WARN_OBJC_ROOT_CLASS = YES_ERROR;
				CLANG_WARN_QUOTED_INCLUDE_IN_FRAMEWORK_HEADER = YES;
				CLANG_WARN_RANGE_LOOP_ANALYSIS = YES;
				CLANG_WARN_STRICT_PROTOTYPES = YES;
				CLANG_WARN_SUSPICIOUS_MOVE = YES;
				CLANG_WARN_UNGUARDED_AVAILABILITY = YES_AGGRESSIVE;
				CLANG_WARN_UNREACHABLE_CODE = YES;
				CLANG_WARN__DUPLICATE_METHOD_MATCH = YES;
				COPY_PHASE_STRIP = NO;
				DEBUG_INFORMATION_FORMAT = dwarf;
				ENABLE_STRICT_OBJC_MSGSEND = YES;
				ENABLE_TESTABILITY = YES;
				GCC_C_LANGUAGE_STANDARD = gnu11;
				GCC_DYNAMIC_NO_PIC = NO;
				GCC_NO_COMMON_BLOCKS = YES;
				GCC_OPTIMIZATION_LEVEL = 0;
				GCC_PREPROCESSOR_DEFINITIONS = (
					"DEBUG=1",
					"$(inherited)",
				);
				GCC_WARN_64_TO_32_BIT_CONVERSION = YES;
				GCC_WARN_ABOUT_RETURN_TYPE = YES_ERROR;
				GCC_WARN_UNDECLARED_SELECTOR = YES;
				GCC_WARN_UNINITIALIZED_AUTOS = YES_AGGRESSIVE;
				GCC_WARN_UNUSED_FUNCTION = YES;
				GCC_WARN_UNUSED_VARIABLE = YES;
				IPHONEOS_DEPLOYMENT_TARGET = 16.1;
				MTL_ENABLE_DEBUG_INFO = INCLUDE_SOURCE;
				MTL_FAST_MATH = YES;
				ONLY_ACTIVE_ARCH = YES;
				SDKROOT = iphoneos;
				SWIFT_ACTIVE_COMPILATION_CONDITIONS = DEBUG;
				SWIFT_OPTIMIZATION_LEVEL = "-Onone";
			};
			name = Debug;
		};
		97555C0B294977380002BB2A /* Release */ = {
			isa = XCBuildConfiguration;
			buildSettings = {
				ALWAYS_SEARCH_USER_PATHS = NO;
				CLANG_ANALYZER_NONNULL = YES;
				CLANG_ANALYZER_NUMBER_OBJECT_CONVERSION = YES_AGGRESSIVE;
				CLANG_CXX_LANGUAGE_STANDARD = "gnu++20";
				CLANG_ENABLE_MODULES = YES;
				CLANG_ENABLE_OBJC_ARC = YES;
				CLANG_ENABLE_OBJC_WEAK = YES;
				CLANG_WARN_BLOCK_CAPTURE_AUTORELEASING = YES;
				CLANG_WARN_BOOL_CONVERSION = YES;
				CLANG_WARN_COMMA = YES;
				CLANG_WARN_CONSTANT_CONVERSION = YES;
				CLANG_WARN_DEPRECATED_OBJC_IMPLEMENTATIONS = YES;
				CLANG_WARN_DIRECT_OBJC_ISA_USAGE = YES_ERROR;
				CLANG_WARN_DOCUMENTATION_COMMENTS = YES;
				CLANG_WARN_EMPTY_BODY = YES;
				CLANG_WARN_ENUM_CONVERSION = YES;
				CLANG_WARN_INFINITE_RECURSION = YES;
				CLANG_WARN_INT_CONVERSION = YES;
				CLANG_WARN_NON_LITERAL_NULL_CONVERSION = YES;
				CLANG_WARN_OBJC_IMPLICIT_RETAIN_SELF = YES;
				CLANG_WARN_OBJC_LITERAL_CONVERSION = YES;
				CLANG_WARN_OBJC_ROOT_CLASS = YES_ERROR;
				CLANG_WARN_QUOTED_INCLUDE_IN_FRAMEWORK_HEADER = YES;
				CLANG_WARN_RANGE_LOOP_ANALYSIS = YES;
				CLANG_WARN_STRICT_PROTOTYPES = YES;
				CLANG_WARN_SUSPICIOUS_MOVE = YES;
				CLANG_WARN_UNGUARDED_AVAILABILITY = YES_AGGRESSIVE;
				CLANG_WARN_UNREACHABLE_CODE = YES;
				CLANG_WARN__DUPLICATE_METHOD_MATCH = YES;
				COPY_PHASE_STRIP = NO;
				DEBUG_INFORMATION_FORMAT = "dwarf-with-dsym";
				ENABLE_NS_ASSERTIONS = NO;
				ENABLE_STRICT_OBJC_MSGSEND = YES;
				GCC_C_LANGUAGE_STANDARD = gnu11;
				GCC_NO_COMMON_BLOCKS = YES;
				GCC_WARN_64_TO_32_BIT_CONVERSION = YES;
				GCC_WARN_ABOUT_RETURN_TYPE = YES_ERROR;
				GCC_WARN_UNDECLARED_SELECTOR = YES;
				GCC_WARN_UNINITIALIZED_AUTOS = YES_AGGRESSIVE;
				GCC_WARN_UNUSED_FUNCTION = YES;
				GCC_WARN_UNUSED_VARIABLE = YES;
				IPHONEOS_DEPLOYMENT_TARGET = 16.1;
				MTL_ENABLE_DEBUG_INFO = NO;
				MTL_FAST_MATH = YES;
				SDKROOT = iphoneos;
				SWIFT_COMPILATION_MODE = wholemodule;
				SWIFT_OPTIMIZATION_LEVEL = "-O";
				VALIDATE_PRODUCT = YES;
			};
			name = Release;
		};
		97555C0D294977380002BB2A /* Debug */ = {
			isa = XCBuildConfiguration;
			buildSettings = {
				ASSETCATALOG_COMPILER_APPICON_NAME = AppIcon;
				ASSETCATALOG_COMPILER_GLOBAL_ACCENT_COLOR_NAME = AccentColor;
				CODE_SIGN_STYLE = Automatic;
				CURRENT_PROJECT_VERSION = 1;
				DEVELOPMENT_ASSET_PATHS = "\"OwnPhrase/Preview Content\"";
				DEVELOPMENT_TEAM = ZC4UJ8CP89;
				ENABLE_PREVIEWS = YES;
				GENERATE_INFOPLIST_FILE = YES;
				INFOPLIST_KEY_LSApplicationCategoryType = "public.app-category.education";
				INFOPLIST_KEY_UIApplicationSceneManifest_Generation = YES;
				INFOPLIST_KEY_UIApplicationSupportsIndirectInputEvents = YES;
				INFOPLIST_KEY_UILaunchScreen_Generation = YES;
				INFOPLIST_KEY_UIRequiresFullScreen = YES;
				INFOPLIST_KEY_UISupportedInterfaceOrientations = "UIInterfaceOrientationLandscapeLeft UIInterfaceOrientationLandscapeRight UIInterfaceOrientationPortrait";
				INFOPLIST_KEY_UISupportedInterfaceOrientations_iPad = UIInterfaceOrientationPortrait;
				IPHONEOS_DEPLOYMENT_TARGET = 15.0;
				LD_RUNPATH_SEARCH_PATHS = (
					"$(inherited)",
					"@executable_path/Frameworks",
				);
				MARKETING_VERSION = 1.0;
				PRODUCT_BUNDLE_IDENTIFIER = com.Codersan.OwnPhrase;
				PRODUCT_NAME = "$(TARGET_NAME)";
				SUPPORTED_PLATFORMS = "iphoneos iphonesimulator";
				SUPPORTS_MACCATALYST = NO;
				SUPPORTS_MAC_DESIGNED_FOR_IPHONE_IPAD = NO;
				SWIFT_EMIT_LOC_STRINGS = YES;
				SWIFT_VERSION = 5.0;
				TARGETED_DEVICE_FAMILY = "1,2";
			};
			name = Debug;
		};
		97555C0E294977380002BB2A /* Release */ = {
			isa = XCBuildConfiguration;
			buildSettings = {
				ASSETCATALOG_COMPILER_APPICON_NAME = AppIcon;
				ASSETCATALOG_COMPILER_GLOBAL_ACCENT_COLOR_NAME = AccentColor;
				CODE_SIGN_STYLE = Automatic;
				CURRENT_PROJECT_VERSION = 1;
				DEVELOPMENT_ASSET_PATHS = "\"OwnPhrase/Preview Content\"";
				DEVELOPMENT_TEAM = ZC4UJ8CP89;
				ENABLE_PREVIEWS = YES;
				GENERATE_INFOPLIST_FILE = YES;
				INFOPLIST_KEY_LSApplicationCategoryType = "public.app-category.education";
				INFOPLIST_KEY_UIApplicationSceneManifest_Generation = YES;
				INFOPLIST_KEY_UIApplicationSupportsIndirectInputEvents = YES;
				INFOPLIST_KEY_UILaunchScreen_Generation = YES;
				INFOPLIST_KEY_UIRequiresFullScreen = YES;
				INFOPLIST_KEY_UISupportedInterfaceOrientations = "UIInterfaceOrientationLandscapeLeft UIInterfaceOrientationLandscapeRight UIInterfaceOrientationPortrait";
				INFOPLIST_KEY_UISupportedInterfaceOrientations_iPad = UIInterfaceOrientationPortrait;
				IPHONEOS_DEPLOYMENT_TARGET = 15.0;
				LD_RUNPATH_SEARCH_PATHS = (
					"$(inherited)",
					"@executable_path/Frameworks",
				);
				MARKETING_VERSION = 1.0;
				PRODUCT_BUNDLE_IDENTIFIER = com.Codersan.OwnPhrase;
				PRODUCT_NAME = "$(TARGET_NAME)";
				SUPPORTED_PLATFORMS = "iphoneos iphonesimulator";
				SUPPORTS_MACCATALYST = NO;
				SUPPORTS_MAC_DESIGNED_FOR_IPHONE_IPAD = NO;
				SWIFT_EMIT_LOC_STRINGS = YES;
				SWIFT_VERSION = 5.0;
				TARGETED_DEVICE_FAMILY = "1,2";
			};
			name = Release;
		};
/* End XCBuildConfiguration section */

/* Begin XCConfigurationList section */
		97555BF4294977360002BB2A /* Build configuration list for PBXProject "OwnPhrase" */ = {
			isa = XCConfigurationList;
			buildConfigurations = (
				97555C0A294977380002BB2A /* Debug */,
				97555C0B294977380002BB2A /* Release */,
			);
			defaultConfigurationIsVisible = 0;
			defaultConfigurationName = Release;
		};
		97555C0C294977380002BB2A /* Build configuration list for PBXNativeTarget "OwnPhrase" */ = {
			isa = XCConfigurationList;
			buildConfigurations = (
				97555C0D294977380002BB2A /* Debug */,
				97555C0E294977380002BB2A /* Release */,
			);
			defaultConfigurationIsVisible = 0;
			defaultConfigurationName = Release;
		};
/* End XCConfigurationList section */

/* Begin XCVersionGroup section */
		97555C07294977380002BB2A /* OwnPhrase.xcdatamodeld */ = {
			isa = XCVersionGroup;
			children = (
				97555C08294977380002BB2A /* OwnPhrase.xcdatamodel */,
			);
			currentVersion = 97555C08294977380002BB2A /* OwnPhrase.xcdatamodel */;
			path = OwnPhrase.xcdatamodeld;
			sourceTree = "<group>";
			versionGroupType = wrapper.xcdatamodel;
		};
/* End XCVersionGroup section */
	};
	rootObject = 97555BF1294977360002BB2A /* Project object */;
}
